<?xml version="1.0" encoding="utf-8"?>
<Project ToolsVersion="4.0" xmlns="http://schemas.microsoft.com/developer/msbuild/2003">
  <ItemGroup>
    <Filter Include="engine">
      <UniqueIdentifier>{228faea8-f7ca-45f8-9f78-6efb7a9e5b6f}</UniqueIdentifier>
    </Filter>
    <Filter Include="game">
      <UniqueIdentifier>{72fa066e-ea02-4390-be18-087a59ebbaeb}</UniqueIdentifier>
    </Filter>
    <Filter Include="engine\core">
      <UniqueIdentifier>{c7bf32b6-ffce-4ea9-81ef-06f87d5e8f2d}</UniqueIdentifier>
    </Filter>
  </ItemGroup>
  <ItemGroup>
    <ClCompile Include="source\main.cpp" />
    <ClCompile Include="source\engine\core\component_system.cpp">
      <Filter>engine\core</Filter>
    </ClCompile>
    <ClCompile Include="source\engine\core\entity_manager.cpp">
      <Filter>engine\core</Filter>
    </ClCompile>
    <ClCompile Include="source\engine\core\roster_pool.cpp">
      <Filter>engine\core</Filter>
    </ClCompile>
    <ClCompile Include="source\engine\core.cpp">
      <Filter>engine</Filter>
    </ClCompile>
    <ClCompile Include="source\engine\model_manager.cpp">
      <Filter>engine</Filter>
    </ClCompile>
    <ClCompile Include="source\engine\physics.cpp">
      <Filter>engine</Filter>
    </ClCompile>
    <ClCompile Include="source\engine\rendering.cpp">
      <Filter>engine</Filter>
    </ClCompile>
    <ClCompile Include="source\engine\resource.cpp">
      <Filter>engine</Filter>
    </ClCompile>
    <ClCompile Include="source\game\alien.cpp">
      <Filter>game</Filter>
    </ClCompile>
    <ClCompile Include="source\game\bomb.cpp">
      <Filter>game</Filter>
    </ClCompile>
    <ClCompile Include="source\game\game.cpp">
      <Filter>game</Filter>
    </ClCompile>
    <ClCompile Include="source\game\player.cpp">
      <Filter>game</Filter>
    </ClCompile>
    <ClCompile Include="source\game\rocket.cpp">
      <Filter>game</Filter>
    </ClCompile>
  </ItemGroup>
  <ItemGroup>
    <ClInclude Include="source\engine\core\entity_manager.h">
      <Filter>engine\core</Filter>
    </ClInclude>
    <ClInclude Include="source\engine\core\enums.h">
      <Filter>engine\core</Filter>
    </ClInclude>
    <ClInclude Include="source\engine\core\handle.h">
      <Filter>engine\core</Filter>
    </ClInclude>
    <ClInclude Include="source\engine\core\library.h">
      <Filter>engine\core</Filter>
    </ClInclude>
    <ClInclude Include="source\engine\core\roster_pool.h">
      <Filter>engine\core</Filter>
    </ClInclude>
    <ClInclude Include="source\engine\engine.h">
      <Filter>engine</Filter>
    </ClInclude>
    <ClInclude Include="source\engine\engine_types.h">
      <Filter>engine</Filter>
    </ClInclude>
    <ClInclude Include="source\game\alien.h">
      <Filter>game</Filter>
    </ClInclude>
    <ClInclude Include="source\game\bomb.h">
      <Filter>game</Filter>
    </ClInclude>
    <ClInclude Include="source\game\game.h">
      <Filter>game</Filter>
    </ClInclude>
    <ClInclude Include="source\game\player.h">
      <Filter>game</Filter>
    </ClInclude>
    <ClInclude Include="source\game\rocket.h">
      <Filter>game</Filter>
    </ClInclude>
  </ItemGroup>
</Project>